
Microsoft Visual Studio Solution File, Format Version 12.00
# Visual Studio Version 17
VisualStudioVersion = 17.8.34322.80
MinimumVisualStudioVersion = 10.0.40219.1
Project("{8BC9CEB8-8B4A-11D0-8D11-00A0C91BC942}") = "Project1", "Project1.vcxproj", "{EDC05E34-2790-42C6-B836-1EC5BC2DDFAD}"
EndProject
Global
	GlobalSection(SolutionConfigurationPlatforms) = preSolution
		Debug|x64 = Debug|x64
		Debug|x86 = Debug|x86
		Release|x64 = Release|x64
		Release|x86 = Release|x86
	EndGlobalSection
	GlobalSection(ProjectConfigurationPlatforms) = postSolution
		{EDC05E34-2790-42C6-B836-1EC5BC2DDFAD}.Debug|x64.ActiveCfg = Debug|x64
		{EDC05E34-2790-42C6-B836-1EC5BC2DDFAD}.Debug|x64.Build.0 = Debug|x64
		{EDC05E34-2790-42C6-B836-1EC5BC2DDFAD}.Debug|x86.ActiveCfg = Debug|Win32
		{EDC05E34-2790-42C6-B836-1EC5BC2DDFAD}.Debug|x86.Build.0 = Debug|Win32
		{EDC05E34-2790-42C6-B836-1EC5BC2DDFAD}.Release|x64.ActiveCfg = Release|x64
		{EDC05E34-2790-42C6-B836-1EC5BC2DDFAD}.Release|x64.Build.0 = Release|x64
		{EDC05E34-2790-42C6-B836-1EC5BC2DDFAD}.Release|x86.ActiveCfg = Release|Win32
		{EDC05E34-2790-42C6-B836-1EC5BC2DDFAD}.Release|x86.Build.0 = Release|Win32
	EndGlobalSection
	GlobalSection(SolutionProperties) = preSolution
		HideSolutionNode = FALSE
	EndGlobalSection
	GlobalSection(ExtensibilityGlobals) = postSolution
		SolutionGuid = {417A5D30-9514-40F3-87FD-407F58DB95D4}
	EndGlobalSection
EndGlobal
